
Microsoft Visual Studio Solution File, Format Version 12.00
# Visual Studio Version 17
VisualStudioVersion = 17.9.34723.18
MinimumVisualStudioVersion = 10.0.40219.1
Project("{FAE04EC0-301F-11D3-BF4B-00C04F79EFBC}") = "graphicsPackage", "graphicsPackage\graphicsPackage.csproj", "{1FC0FACA-90B3-4E4E-B64C-98B4904509AF}"
EndProject
Global
	GlobalSection(SolutionConfigurationPlatforms) = preSolution
		Debug|Any CPU = Debug|Any CPU
		Release|Any CPU = Release|Any CPU
	EndGlobalSection
	GlobalSection(ProjectConfigurationPlatforms) = postSolution
		{1FC0FACA-90B3-4E4E-B64C-98B4904509AF}.Debug|Any CPU.ActiveCfg = Debug|Any CPU
		{1FC0FACA-90B3-4E4E-B64C-98B4904509AF}.Debug|Any CPU.Build.0 = Debug|Any CPU
		{1FC0FACA-90B3-4E4E-B64C-98B4904509AF}.Release|Any CPU.ActiveCfg = Release|Any CPU
		{1FC0FACA-90B3-4E4E-B64C-98B4904509AF}.Release|Any CPU.Build.0 = Release|Any CPU
	EndGlobalSection
	GlobalSection(SolutionProperties) = preSolution
		HideSolutionNode = FALSE
	EndGlobalSection
	GlobalSection(ExtensibilityGlobals) = postSolution
		SolutionGuid = {98CD7D02-085F-4214-A385-573EE3584649}
	EndGlobalSection
EndGlobal
